
Microsoft Visual Studio Solution File, Format Version 12.00
# Visual Studio Version 16
VisualStudioVersion = 16.0.33529.622
MinimumVisualStudioVersion = 10.0.40219.1
Project("{F184B08F-C81C-45F6-A57F-5ABD9991F28F}") = "Windows 11 optimizations customizations tweaks", "Windows 11 optimizations customizations tweaks\Windows 11 optimizations customizations tweaks.vbproj", "{BE597FA3-0FAA-4299-910F-92DEBC508FFD}"
EndProject
Global
	GlobalSection(SolutionConfigurationPlatforms) = preSolution
		Debug|Any CPU = Debug|Any CPU
		Release|Any CPU = Release|Any CPU
	EndGlobalSection
	GlobalSection(ProjectConfigurationPlatforms) = postSolution
		{BE597FA3-0FAA-4299-910F-92DEBC508FFD}.Debug|Any CPU.ActiveCfg = Debug|Any CPU
		{BE597FA3-0FAA-4299-910F-92DEBC508FFD}.Debug|Any CPU.Build.0 = Debug|Any CPU
		{BE597FA3-0FAA-4299-910F-92DEBC508FFD}.Release|Any CPU.ActiveCfg = Release|Any CPU
		{BE597FA3-0FAA-4299-910F-92DEBC508FFD}.Release|Any CPU.Build.0 = Release|Any CPU
	EndGlobalSection
	GlobalSection(SolutionProperties) = preSolution
		HideSolutionNode = FALSE
	EndGlobalSection
	GlobalSection(ExtensibilityGlobals) = postSolution
		SolutionGuid = {632D2D97-48FA-4A74-A04E-7FEABF92FF6E}
	EndGlobalSection
EndGlobal
